
Microsoft Visual Studio Solution File, Format Version 12.00
# Visual Studio Version 17
VisualStudioVersion = 17.1.32421.90
MinimumVisualStudioVersion = 10.0.40219.1
Project("{FAE04EC0-301F-11D3-BF4B-00C04F79EFBC}") = "SOMP_pro1", "SOMP_pro1\SOMP_pro1.csproj", "{40BB4F0A-DE23-48A4-AC9B-381B5F1AF43C}"
EndProject
Global
	GlobalSection(SolutionConfigurationPlatforms) = preSolution
		Debug|Any CPU = Debug|Any CPU
		Release|Any CPU = Release|Any CPU
	EndGlobalSection
	GlobalSection(ProjectConfigurationPlatforms) = postSolution
		{40BB4F0A-DE23-48A4-AC9B-381B5F1AF43C}.Debug|Any CPU.ActiveCfg = Debug|Any CPU
		{40BB4F0A-DE23-48A4-AC9B-381B5F1AF43C}.Debug|Any CPU.Build.0 = Debug|Any CPU
		{40BB4F0A-DE23-48A4-AC9B-381B5F1AF43C}.Release|Any CPU.ActiveCfg = Release|Any CPU
		{40BB4F0A-DE23-48A4-AC9B-381B5F1AF43C}.Release|Any CPU.Build.0 = Release|Any CPU
	EndGlobalSection
	GlobalSection(SolutionProperties) = preSolution
		HideSolutionNode = FALSE
	EndGlobalSection
	GlobalSection(ExtensibilityGlobals) = postSolution
		SolutionGuid = {E53D3432-8FCA-4F8E-8CBE-B72717DD3CDC}
	EndGlobalSection
EndGlobal
